// !$*UTF8*$!
{
	archiveVersion = 1;
	classes = {
	};
	objectVersion = 46;
	objects = {

/* Begin PBXBuildFile section */
		F30192EB1C84753A00AE324C /* Ship.swift in Sources */ = {isa = PBXBuildFile; fileRef = F30192EA1C84753A00AE324C /* Ship.swift */; };
		F30192ED1C84DA6E00AE324C /* MainMenu.sks in Resources */ = {isa = PBXBuildFile; fileRef = F30192EC1C84DA6E00AE324C /* MainMenu.sks */; };
		F3577EE51C88ABEE00095A50 /* PlanetGenerator.swift in Sources */ = {isa = PBXBuildFile; fileRef = F3577EE41C88ABEE00095A50 /* PlanetGenerator.swift */; };
		F3577EE91C89FD6100095A50 /* PlanetAtlas.atlasc in Resources */ = {isa = PBXBuildFile; fileRef = F3577EE81C89FD6100095A50 /* PlanetAtlas.atlasc */; };
		F3C2316C1C801EEA0024ECF8 /* AppDelegate.swift in Sources */ = {isa = PBXBuildFile; fileRef = F3C2316B1C801EEA0024ECF8 /* AppDelegate.swift */; };
		F3C2316E1C801EEA0024ECF8 /* GameScene.sks in Resources */ = {isa = PBXBuildFile; fileRef = F3C2316D1C801EEA0024ECF8 /* GameScene.sks */; };
		F3C231701C801EEA0024ECF8 /* GameScene.swift in Sources */ = {isa = PBXBuildFile; fileRef = F3C2316F1C801EEA0024ECF8 /* GameScene.swift */; };
		F3C231721C801EEA0024ECF8 /* GameViewController.swift in Sources */ = {isa = PBXBuildFile; fileRef = F3C231711C801EEA0024ECF8 /* GameViewController.swift */; };
		F3C231751C801EEA0024ECF8 /* Main.storyboard in Resources */ = {isa = PBXBuildFile; fileRef = F3C231731C801EEA0024ECF8 /* Main.storyboard */; };
		F3C231771C801EEA0024ECF8 /* Assets.xcassets in Resources */ = {isa = PBXBuildFile; fileRef = F3C231761C801EEA0024ECF8 /* Assets.xcassets */; };
		F3C2317A1C801EEA0024ECF8 /* LaunchScreen.storyboard in Resources */ = {isa = PBXBuildFile; fileRef = F3C231781C801EEA0024ECF8 /* LaunchScreen.storyboard */; };
		F3C231851C801EEB0024ECF8 /* GameTests.swift in Sources */ = {isa = PBXBuildFile; fileRef = F3C231841C801EEB0024ECF8 /* GameTests.swift */; };
		F3C231901C801EEB0024ECF8 /* GameUITests.swift in Sources */ = {isa = PBXBuildFile; fileRef = F3C2318F1C801EEB0024ECF8 /* GameUITests.swift */; };
		F3EAC75C1C8C74FE0071C850 /* Meteorite.swift in Sources */ = {isa = PBXBuildFile; fileRef = F3EAC75B1C8C74FE0071C850 /* Meteorite.swift */; };
		F3EAC75E1C8C7C1D0071C850 /* Random.swift in Sources */ = {isa = PBXBuildFile; fileRef = F3EAC75D1C8C7C1D0071C850 /* Random.swift */; };
		F3EAC7601C8C9CCB0071C850 /* Bonus.swift in Sources */ = {isa = PBXBuildFile; fileRef = F3EAC75F1C8C9CCB0071C850 /* Bonus.swift */; };
/* End PBXBuildFile section */

/* Begin PBXContainerItemProxy section */
		F3C231811C801EEB0024ECF8 /* PBXContainerItemProxy */ = {
			isa = PBXContainerItemProxy;
			containerPortal = F3C231601C801EE90024ECF8 /* Project object */;
			proxyType = 1;
			remoteGlobalIDString = F3C231671C801EE90024ECF8;
			remoteInfo = Game;
		};
		F3C2318C1C801EEB0024ECF8 /* PBXContainerItemProxy */ = {
			isa = PBXContainerItemProxy;
			containerPortal = F3C231601C801EE90024ECF8 /* Project object */;
			proxyType = 1;
			remoteGlobalIDString = F3C231671C801EE90024ECF8;
			remoteInfo = Game;
		};
/* End PBXContainerItemProxy section */

/* Begin PBXFileReference section */
		F30192EA1C84753A00AE324C /* Ship.swift */ = {isa = PBXFileReference; fileEncoding = 4; lastKnownFileType = sourcecode.swift; path = Ship.swift; sourceTree = "<group>"; };
		F30192EC1C84DA6E00AE324C /* MainMenu.sks */ = {isa = PBXFileReference; lastKnownFileType = file.sks; path = MainMenu.sks; sourceTree = "<group>"; };
		F3577EE41C88ABEE00095A50 /* PlanetGenerator.swift */ = {isa = PBXFileReference; fileEncoding = 4; lastKnownFileType = sourcecode.swift; path = PlanetGenerator.swift; sourceTree = "<group>"; };
		F3577EE81C89FD6100095A50 /* PlanetAtlas.atlasc */ = {isa = PBXFileReference; lastKnownFileType = folder; name = PlanetAtlas.atlasc; path = ../../../Desktop/PlanetAtlas.atlasc; sourceTree = "<group>"; };
		F3C231681C801EEA0024ECF8 /* The Space.app */ = {isa = PBXFileReference; explicitFileType = wrapper.application; includeInIndex = 0; path = "The Space.app"; sourceTree = BUILT_PRODUCTS_DIR; };
		F3C2316B1C801EEA0024ECF8 /* AppDelegate.swift */ = {isa = PBXFileReference; lastKnownFileType = sourcecode.swift; path = AppDelegate.swift; sourceTree = "<group>"; };
		F3C2316D1C801EEA0024ECF8 /* GameScene.sks */ = {isa = PBXFileReference; lastKnownFileType = file.sks; path = GameScene.sks; sourceTree = "<group>"; };
		F3C2316F1C801EEA0024ECF8 /* GameScene.swift */ = {isa = PBXFileReference; lastKnownFileType = sourcecode.swift; path = GameScene.swift; sourceTree = "<group>"; };
		F3C231711C801EEA0024ECF8 /* GameViewController.swift */ = {isa = PBXFileReference; lastKnownFileType = sourcecode.swift; path = GameViewController.swift; sourceTree = "<group>"; };
		F3C231741C801EEA0024ECF8 /* Base */ = {isa = PBXFileReference; lastKnownFileType = file.storyboard; name = Base; path = Base.lproj/Main.storyboard; sourceTree = "<group>"; };
		F3C231761C801EEA0024ECF8 /* Assets.xcassets */ = {isa = PBXFileReference; lastKnownFileType = folder.assetcatalog; path = Assets.xcassets; sourceTree = "<group>"; };
		F3C231791C801EEA0024ECF8 /* Base */ = {isa = PBXFileReference; lastKnownFileType = file.storyboard; name = Base; path = Base.lproj/LaunchScreen.storyboard; sourceTree = "<group>"; };
		F3C2317B1C801EEA0024ECF8 /* Info.plist */ = {isa = PBXFileReference; lastKnownFileType = text.plist.xml; path = Info.plist; sourceTree = "<group>"; };
		F3C231801C801EEB0024ECF8 /* GameTests.xctest */ = {isa = PBXFileReference; explicitFileType = wrapper.cfbundle; includeInIndex = 0; path = GameTests.xctest; sourceTree = BUILT_PRODUCTS_DIR; };
		F3C231841C801EEB0024ECF8 /* GameTests.swift */ = {isa = PBXFileReference; lastKnownFileType = sourcecode.swift; path = GameTests.swift; sourceTree = "<group>"; };
		F3C231861C801EEB0024ECF8 /* Info.plist */ = {isa = PBXFileReference; lastKnownFileType = text.plist.xml; path = Info.plist; sourceTree = "<group>"; };
		F3C2318B1C801EEB0024ECF8 /* GameUITests.xctest */ = {isa = PBXFileReference; explicitFileType = wrapper.cfbundle; includeInIndex = 0; path = GameUITests.xctest; sourceTree = BUILT_PRODUCTS_DIR; };
		F3C2318F1C801EEB0024ECF8 /* GameUITests.swift */ = {isa = PBXFileReference; lastKnownFileType = sourcecode.swift; path = GameUITests.swift; sourceTree = "<group>"; };
		F3C231911C801EEB0024ECF8 /* Info.plist */ = {isa = PBXFileReference; lastKnownFileType = text.plist.xml; path = Info.plist; sourceTree = "<group>"; };
		F3EAC75B1C8C74FE0071C850 /* Meteorite.swift */ = {isa = PBXFileReference; fileEncoding = 4; lastKnownFileType = sourcecode.swift; path = Meteorite.swift; sourceTree = "<group>"; };
		F3EAC75D1C8C7C1D0071C850 /* Random.swift */ = {isa = PBXFileReference; fileEncoding = 4; lastKnownFileType = sourcecode.swift; path = Random.swift; sourceTree = "<group>"; };
		F3EAC75F1C8C9CCB0071C850 /* Bonus.swift */ = {isa = PBXFileReference; fileEncoding = 4; lastKnownFileType = sourcecode.swift; path = Bonus.swift; sourceTree = "<group>"; };
/* End PBXFileReference section */

/* Begin PBXFrameworksBuildPhase section */
		F3C231651C801EE90024ECF8 /* Frameworks */ = {
			isa = PBXFrameworksBuildPhase;
			buildActionMask = 2147483647;
			files = (
			);
			runOnlyForDeploymentPostprocessing = 0;
		};
		F3C2317D1C801EEB0024ECF8 /* Frameworks */ = {
			isa = PBXFrameworksBuildPhase;
			buildActionMask = 2147483647;
			files = (
			);
			runOnlyForDeploymentPostprocessing = 0;
		};
		F3C231881C801EEB0024ECF8 /* Frameworks */ = {
			isa = PBXFrameworksBuildPhase;
			buildActionMask = 2147483647;
			files = (
			);
			runOnlyForDeploymentPostprocessing = 0;
		};
/* End PBXFrameworksBuildPhase section */

/* Begin PBXGroup section */
		F3C2315F1C801EE90024ECF8 = {
			isa = PBXGroup;
			children = (
				F3C2316A1C801EEA0024ECF8 /* Game */,
				F3C231831C801EEB0024ECF8 /* GameTests */,
				F3C2318E1C801EEB0024ECF8 /* GameUITests */,
				F3C231691C801EEA0024ECF8 /* Products */,
			);
			sourceTree = "<group>";
		};
		F3C231691C801EEA0024ECF8 /* Products */ = {
			isa = PBXGroup;
			children = (
				F3C231681C801EEA0024ECF8 /* The Space.app */,
				F3C231801C801EEB0024ECF8 /* GameTests.xctest */,
				F3C2318B1C801EEB0024ECF8 /* GameUITests.xctest */,
			);
			name = Products;
			sourceTree = "<group>";
		};
		F3C2316A1C801EEA0024ECF8 /* Game */ = {
			isa = PBXGroup;
			children = (
				F3577EE81C89FD6100095A50 /* PlanetAtlas.atlasc */,
				F3C2316B1C801EEA0024ECF8 /* AppDelegate.swift */,
				F3C2316D1C801EEA0024ECF8 /* GameScene.sks */,
				F3C2316F1C801EEA0024ECF8 /* GameScene.swift */,
				F3EAC75F1C8C9CCB0071C850 /* Bonus.swift */,
				F3EAC75D1C8C7C1D0071C850 /* Random.swift */,
				F30192EA1C84753A00AE324C /* Ship.swift */,
				F3EAC75B1C8C74FE0071C850 /* Meteorite.swift */,
				F30192EC1C84DA6E00AE324C /* MainMenu.sks */,
				F3C231711C801EEA0024ECF8 /* GameViewController.swift */,
				F3C231731C801EEA0024ECF8 /* Main.storyboard */,
				F3C231761C801EEA0024ECF8 /* Assets.xcassets */,
				F3C231781C801EEA0024ECF8 /* LaunchScreen.storyboard */,
				F3C2317B1C801EEA0024ECF8 /* Info.plist */,
				F3577EE41C88ABEE00095A50 /* PlanetGenerator.swift */,
			);
			path = Game;
			sourceTree = "<group>";
		};
		F3C231831C801EEB0024ECF8 /* GameTests */ = {
			isa = PBXGroup;
			children = (
				F3C231841C801EEB0024ECF8 /* GameTests.swift */,
				F3C231861C801EEB0024ECF8 /* Info.plist */,
			);
			path = GameTests;
			sourceTree = "<group>";
		};
		F3C2318E1C801EEB0024ECF8 /* GameUITests */ = {
			isa = PBXGroup;
			children = (
				F3C2318F1C801EEB0024ECF8 /* GameUITests.swift */,
				F3C231911C801EEB0024ECF8 /* Info.plist */,
			);
			path = GameUITests;
			sourceTree = "<group>";
		};
/* End PBXGroup section */

/* Begin PBXNativeTarget section */
		F3C231671C801EE90024ECF8 /* Game */ = {
			isa = PBXNativeTarget;
			buildConfigurationList = F3C231941C801EEB0024ECF8 /* Build configuration list for PBXNativeTarget "Game" */;
			buildPhases = (
				F3C231641C801EE90024ECF8 /* Sources */,
				F3C231651C801EE90024ECF8 /* Frameworks */,
				F3C231661C801EE90024ECF8 /* Resources */,
			);
			buildRules = (
			);
			dependencies = (
			);
			name = Game;
			productName = Game;
			productReference = F3C231681C801EEA0024ECF8 /* The Space.app */;
			productType = "com.apple.product-type.application";
		};
		F3C2317F1C801EEB0024ECF8 /* GameTests */ = {
			isa = PBXNativeTarget;
			buildConfigurationList = F3C231971C801EEB0024ECF8 /* Build configuration list for PBXNativeTarget "GameTests" */;
			buildPhases = (
				F3C2317C1C801EEB0024ECF8 /* Sources */,
				F3C2317D1C801EEB0024ECF8 /* Frameworks */,
				F3C2317E1C801EEB0024ECF8 /* Resources */,
			);
			buildRules = (
			);
			dependencies = (
				F3C231821C801EEB0024ECF8 /* PBXTargetDependency */,
			);
			name = GameTests;
			productName = GameTests;
			productReference = F3C231801C801EEB0024ECF8 /* GameTests.xctest */;
			productType = "com.apple.product-type.bundle.unit-test";
		};
		F3C2318A1C801EEB0024ECF8 /* GameUITests */ = {
			isa = PBXNativeTarget;
			buildConfigurationList = F3C2319A1C801EEB0024ECF8 /* Build configuration list for PBXNativeTarget "GameUITests" */;
			buildPhases = (
				F3C231871C801EEB0024ECF8 /* Sources */,
				F3C231881C801EEB0024ECF8 /* Frameworks */,
				F3C231891C801EEB0024ECF8 /* Resources */,
			);
			buildRules = (
			);
			dependencies = (
				F3C2318D1C801EEB0024ECF8 /* PBXTargetDependency */,
			);
			name = GameUITests;
			productName = GameUITests;
			productReference = F3C2318B1C801EEB0024ECF8 /* GameUITests.xctest */;
			productType = "com.apple.product-type.bundle.ui-testing";
		};
/* End PBXNativeTarget section */

/* Begin PBXProject section */
		F3C231601C801EE90024ECF8 /* Project object */ = {
			isa = PBXProject;
			attributes = {
				LastSwiftUpdateCheck = 0710;
				LastUpgradeCheck = 0710;
				ORGANIZATIONNAME = "Владислав Афанасьев";
				TargetAttributes = {
					F3C231671C801EE90024ECF8 = {
						CreatedOnToolsVersion = 7.1.1;
						DevelopmentTeam = 68KH767B7X;
					};
					F3C2317F1C801EEB0024ECF8 = {
						CreatedOnToolsVersion = 7.1.1;
						TestTargetID = F3C231671C801EE90024ECF8;
					};
					F3C2318A1C801EEB0024ECF8 = {
						CreatedOnToolsVersion = 7.1.1;
						TestTargetID = F3C231671C801EE90024ECF8;
					};
				};
			};
			buildConfigurationList = F3C231631C801EE90024ECF8 /* Build configuration list for PBXProject "Game" */;
			compatibilityVersion = "Xcode 3.2";
			developmentRegion = English;
			hasScannedForEncodings = 0;
			knownRegions = (
				en,
				Base,
			);
			mainGroup = F3C2315F1C801EE90024ECF8;
			productRefGroup = F3C231691C801EEA0024ECF8 /* Products */;
			projectDirPath = "";
			projectRoot = "";
			targets = (
				F3C231671C801EE90024ECF8 /* Game */,
				F3C2317F1C801EEB0024ECF8 /* GameTests */,
				F3C2318A1C801EEB0024ECF8 /* GameUITests */,
			);
		};
/* End PBXProject section */

/* Begin PBXResourcesBuildPhase section */
		F3C231661C801EE90024ECF8 /* Resources */ = {
			isa = PBXResourcesBuildPhase;
			buildActionMask = 2147483647;
			files = (
				F3C2316E1C801EEA0024ECF8 /* GameScene.sks in Resources */,
				F3C2317A1C801EEA0024ECF8 /* LaunchScreen.storyboard in Resources */,
				F3C231771C801EEA0024ECF8 /* Assets.xcassets in Resources */,
				F30192ED1C84DA6E00AE324C /* MainMenu.sks in Resources */,
				F3C231751C801EEA0024ECF8 /* Main.storyboard in Resources */,
				F3577EE91C89FD6100095A50 /* PlanetAtlas.atlasc in Resources */,
			);
			runOnlyForDeploymentPostprocessing = 0;
		};
		F3C2317E1C801EEB0024ECF8 /* Resources */ = {
			isa = PBXResourcesBuildPhase;
			buildActionMask = 2147483647;
			files = (
			);
			runOnlyForDeploymentPostprocessing = 0;
		};
		F3C231891C801EEB0024ECF8 /* Resources */ = {
			isa = PBXResourcesBuildPhase;
			buildActionMask = 2147483647;
			files = (
			);
			runOnlyForDeploymentPostprocessing = 0;
		};
/* End PBXResourcesBuildPhase section */

/* Begin PBXSourcesBuildPhase section */
		F3C231641C801EE90024ECF8 /* Sources */ = {
			isa = PBXSourcesBuildPhase;
			buildActionMask = 2147483647;
			files = (
				F3EAC75C1C8C74FE0071C850 /* Meteorite.swift in Sources */,
				F3577EE51C88ABEE00095A50 /* PlanetGenerator.swift in Sources */,
				F3C231701C801EEA0024ECF8 /* GameScene.swift in Sources */,
				F30192EB1C84753A00AE324C /* Ship.swift in Sources */,
				F3C231721C801EEA0024ECF8 /* GameViewController.swift in Sources */,
				F3EAC7601C8C9CCB0071C850 /* Bonus.swift in Sources */,
				F3C2316C1C801EEA0024ECF8 /* AppDelegate.swift in Sources */,
				F3EAC75E1C8C7C1D0071C850 /* Random.swift in Sources */,
			);
			runOnlyForDeploymentPostprocessing = 0;
		};
		F3C2317C1C801EEB0024ECF8 /* Sources */ = {
			isa = PBXSourcesBuildPhase;
			buildActionMask = 2147483647;
			files = (
				F3C231851C801EEB0024ECF8 /* GameTests.swift in Sources */,
			);
			runOnlyForDeploymentPostprocessing = 0;
		};
		F3C231871C801EEB0024ECF8 /* Sources */ = {
			isa = PBXSourcesBuildPhase;
			buildActionMask = 2147483647;
			files = (
				F3C231901C801EEB0024ECF8 /* GameUITests.swift in Sources */,
			);
			runOnlyForDeploymentPostprocessing = 0;
		};
/* End PBXSourcesBuildPhase section */

/* Begin PBXTargetDependency section */
		F3C231821C801EEB0024ECF8 /* PBXTargetDependency */ = {
			isa = PBXTargetDependency;
			target = F3C231671C801EE90024ECF8 /* Game */;
			targetProxy = F3C231811C801EEB0024ECF8 /* PBXContainerItemProxy */;
		};
		F3C2318D1C801EEB0024ECF8 /* PBXTargetDependency */ = {
			isa = PBXTargetDependency;
			target = F3C231671C801EE90024ECF8 /* Game */;
			targetProxy = F3C2318C1C801EEB0024ECF8 /* PBXContainerItemProxy */;
		};
/* End PBXTargetDependency section */

/* Begin PBXVariantGroup section */
		F3C231731C801EEA0024ECF8 /* Main.storyboard */ = {
			isa = PBXVariantGroup;
			children = (
				F3C231741C801EEA0024ECF8 /* Base */,
			);
			name = Main.storyboard;
			sourceTree = "<group>";
		};
		F3C231781C801EEA0024ECF8 /* LaunchScreen.storyboard */ = {
			isa = PBXVariantGroup;
			children = (
				F3C231791C801EEA0024ECF8 /* Base */,
			);
			name = LaunchScreen.storyboard;
			sourceTree = "<group>";
		};
/* End PBXVariantGroup section */

/* Begin XCBuildConfiguration section */
		F3C231921C801EEB0024ECF8 /* Debug */ = {
			isa = XCBuildConfiguration;
			buildSettings = {
				ALWAYS_SEARCH_USER_PATHS = NO;
				CLANG_CXX_LANGUAGE_STANDARD = "gnu++0x";
				CLANG_CXX_LIBRARY = "libc++";
				CLANG_ENABLE_MODULES = YES;
				CLANG_ENABLE_OBJC_ARC = YES;
				CLANG_WARN_BOOL_CONVERSION = YES;
				CLANG_WARN_CONSTANT_CONVERSION = YES;
				CLANG_WARN_DIRECT_OBJC_ISA_USAGE = YES_ERROR;
				CLANG_WARN_EMPTY_BODY = YES;
				CLANG_WARN_ENUM_CONVERSION = YES;
				CLANG_WARN_INT_CONVERSION = YES;
				CLANG_WARN_OBJC_ROOT_CLASS = YES_ERROR;
				CLANG_WARN_UNREACHABLE_CODE = YES;
				CLANG_WARN__DUPLICATE_METHOD_MATCH = YES;
				"CODE_SIGN_IDENTITY[sdk=iphoneos*]" = "iPhone Developer";
				COPY_PHASE_STRIP = NO;
				DEBUG_INFORMATION_FORMAT = "dwarf-with-dsym";
				ENABLE_STRICT_OBJC_MSGSEND = YES;
				ENABLE_TESTABILITY = YES;
				GCC_C_LANGUAGE_STANDARD = gnu99;
				GCC_DYNAMIC_NO_PIC = NO;
				GCC_NO_COMMON_BLOCKS = YES;
				GCC_OPTIMIZATION_LEVEL = 0;
				GCC_PREPROCESSOR_DEFINITIONS = (
					"DEBUG=1",
					"$(inherited)",
				);
				GCC_WARN_64_TO_32_BIT_CONVERSION = YES;
				GCC_WARN_ABOUT_RETURN_TYPE = YES_ERROR;
				GCC_WARN_UNDECLARED_SELECTOR = YES;
				GCC_WARN_UNINITIALIZED_AUTOS = YES_AGGRESSIVE;
				GCC_WARN_UNUSED_FUNCTION = YES;
				GCC_WARN_UNUSED_VARIABLE = YES;
				IPHONEOS_DEPLOYMENT_TARGET = 9.1;
				MTL_ENABLE_DEBUG_INFO = YES;
				ONLY_ACTIVE_ARCH = YES;
				SDKROOT = iphoneos;
				SWIFT_OPTIMIZATION_LEVEL = "-Onone";
			};
			name = Debug;
		};
		F3C231931C801EEB0024ECF8 /* Release */ = {
			isa = XCBuildConfiguration;
			buildSettings = {
				ALWAYS_SEARCH_USER_PATHS = NO;
				CLANG_CXX_LANGUAGE_STANDARD = "gnu++0x";
				CLANG_CXX_LIBRARY = "libc++";
				CLANG_ENABLE_MODULES = YES;
				CLANG_ENABLE_OBJC_ARC = YES;
				CLANG_WARN_BOOL_CONVERSION = YES;
				CLANG_WARN_CONSTANT_CONVERSION = YES;
				CLANG_WARN_DIRECT_OBJC_ISA_USAGE = YES_ERROR;
				CLANG_WARN_EMPTY_BODY = YES;
				CLANG_WARN_ENUM_CONVERSION = YES;
				CLANG_WARN_INT_CONVERSION = YES;
				CLANG_WARN_OBJC_ROOT_CLASS = YES_ERROR;
				CLANG_WARN_UNREACHABLE_CODE = YES;
				CLANG_WARN__DUPLICATE_METHOD_MATCH = YES;
				"CODE_SIGN_IDENTITY[sdk=iphoneos*]" = "iPhone Developer";
				COPY_PHASE_STRIP = NO;
				DEBUG_INFORMATION_FORMAT = "dwarf-with-dsym";
				ENABLE_NS_ASSERTIONS = NO;
				ENABLE_STRICT_OBJC_MSGSEND = YES;
				GCC_C_LANGUAGE_STANDARD = gnu99;
				GCC_NO_COMMON_BLOCKS = YES;
				GCC_WARN_64_TO_32_BIT_CONVERSION = YES;
				GCC_WARN_ABOUT_RETURN_TYPE = YES_ERROR;
				GCC_WARN_UNDECLARED_SELECTOR = YES;
				GCC_WARN_UNINITIALIZED_AUTOS = YES_AGGRESSIVE;
				GCC_WARN_UNUSED_FUNCTION = YES;
				GCC_WARN_UNUSED_VARIABLE = YES;
				IPHONEOS_DEPLOYMENT_TARGET = 9.1;
				MTL_ENABLE_DEBUG_INFO = NO;
				SDKROOT = iphoneos;
				VALIDATE_PRODUCT = YES;
			};
			name = Release;
		};
		F3C231951C801EEB0024ECF8 /* Debug */ = {
			isa = XCBuildConfiguration;
			buildSettings = {
				ASSETCATALOG_COMPILER_APPICON_NAME = AppIcon;
				CODE_SIGN_IDENTITY = "iPhone Developer";
				"CODE_SIGN_IDENTITY[sdk=iphoneos*]" = "iPhone Developer";
				INFOPLIST_FILE = Game/Info.plist;
				LD_RUNPATH_SEARCH_PATHS = "$(inherited) @executable_path/Frameworks";
				PRODUCT_BUNDLE_IDENTIFIER = WLD.Game;
				PRODUCT_NAME = "The Space";
				PROVISIONING_PROFILE = "";
				TARGETED_DEVICE_FAMILY = "1,2";
			};
			name = Debug;
		};
		F3C231961C801EEB0024ECF8 /* Release */ = {
			isa = XCBuildConfiguration;
			buildSettings = {
				ASSETCATALOG_COMPILER_APPICON_NAME = AppIcon;
				CODE_SIGN_IDENTITY = "iPhone Developer";
				"CODE_SIGN_IDENTITY[sdk=iphoneos*]" = "iPhone Developer";
				INFOPLIST_FILE = Game/Info.plist;
				LD_RUNPATH_SEARCH_PATHS = "$(inherited) @executable_path/Frameworks";
				PRODUCT_BUNDLE_IDENTIFIER = WLD.Game;
				PRODUCT_NAME = "The Space";
				PROVISIONING_PROFILE = "";
				TARGETED_DEVICE_FAMILY = "1,2";
			};
			name = Release;
		};
		F3C231981C801EEB0024ECF8 /* Debug */ = {
			isa = XCBuildConfiguration;
			buildSettings = {
				BUNDLE_LOADER = "$(TEST_HOST)";
				DEBUG_INFORMATION_FORMAT = dwarf;
				INFOPLIST_FILE = GameTests/Info.plist;
				LD_RUNPATH_SEARCH_PATHS = "$(inherited) @executable_path/Frameworks @loader_path/Frameworks";
				PRODUCT_BUNDLE_IDENTIFIER = WLD.GameTests;
				PRODUCT_NAME = "$(TARGET_NAME)";
				TEST_HOST = "$(BUILT_PRODUCTS_DIR)/Game.app/Game";
			};
			name = Debug;
		};
		F3C231991C801EEB0024ECF8 /* Release */ = {
			isa = XCBuildConfiguration;
			buildSettings = {
				BUNDLE_LOADER = "$(TEST_HOST)";
				INFOPLIST_FILE = GameTests/Info.plist;
				LD_RUNPATH_SEARCH_PATHS = "$(inherited) @executable_path/Frameworks @loader_path/Frameworks";
				PRODUCT_BUNDLE_IDENTIFIER = WLD.GameTests;
				PRODUCT_NAME = "$(TARGET_NAME)";
				TEST_HOST = "$(BUILT_PRODUCTS_DIR)/Game.app/Game";
			};
			name = Release;
		};
		F3C2319B1C801EEB0024ECF8 /* Debug */ = {
			isa = XCBuildConfiguration;
			buildSettings = {
				DEBUG_INFORMATION_FORMAT = dwarf;
				INFOPLIST_FILE = GameUITests/Info.plist;
				LD_RUNPATH_SEARCH_PATHS = "$(inherited) @executable_path/Frameworks @loader_path/Frameworks";
				PRODUCT_BUNDLE_IDENTIFIER = WLD.GameUITests;
				PRODUCT_NAME = "$(TARGET_NAME)";
				TEST_TARGET_NAME = Game;
				USES_XCTRUNNER = YES;
			};
			name = Debug;
		};
		F3C2319C1C801EEB0024ECF8 /* Release */ = {
			isa = XCBuildConfiguration;
			buildSettings = {
				INFOPLIST_FILE = GameUITests/Info.plist;
				LD_RUNPATH_SEARCH_PATHS = "$(inherited) @executable_path/Frameworks @loader_path/Frameworks";
				PRODUCT_BUNDLE_IDENTIFIER = WLD.GameUITests;
				PRODUCT_NAME = "$(TARGET_NAME)";
				TEST_TARGET_NAME = Game;
				USES_XCTRUNNER = YES;
			};
			name = Release;
		};
/* End XCBuildConfiguration section */

/* Begin XCConfigurationList section */
		F3C231631C801EE90024ECF8 /* Build configuration list for PBXProject "Game" */ = {
			isa = XCConfigurationList;
			buildConfigurations = (
				F3C231921C801EEB0024ECF8 /* Debug */,
				F3C231931C801EEB0024ECF8 /* Release */,
			);
			defaultConfigurationIsVisible = 0;
			defaultConfigurationName = Release;
		};
		F3C231941C801EEB0024ECF8 /* Build configuration list for PBXNativeTarget "Game" */ = {
			isa = XCConfigurationList;
			buildConfigurations = (
				F3C231951C801EEB0024ECF8 /* Debug */,
				F3C231961C801EEB0024ECF8 /* Release */,
			);
			defaultConfigurationIsVisible = 0;
			defaultConfigurationName = Release;
		};
		F3C231971C801EEB0024ECF8 /* Build configuration list for PBXNativeTarget "GameTests" */ = {
			isa = XCConfigurationList;
			buildConfigurations = (
				F3C231981C801EEB0024ECF8 /* Debug */,
				F3C231991C801EEB0024ECF8 /* Release */,
			);
			defaultConfigurationIsVisible = 0;
			defaultConfigurationName = Release;
		};
		F3C2319A1C801EEB0024ECF8 /* Build configuration list for PBXNativeTarget "GameUITests" */ = {
			isa = XCConfigurationList;
			buildConfigurations = (
				F3C2319B1C801EEB0024ECF8 /* Debug */,
				F3C2319C1C801EEB0024ECF8 /* Release */,
			);
			defaultConfigurationIsVisible = 0;
			defaultConfigurationName = Release;
		};
/* End XCConfigurationList section */
	};
	rootObject = F3C231601C801EE90024ECF8 /* Project object */;
}
